
Microsoft Visual Studio Solution File, Format Version 12.00
# Visual Studio Version 16
VisualStudioVersion = 16.0.32106.194
MinimumVisualStudioVersion = 10.0.40219.1
Project("{FAE04EC0-301F-11D3-BF4B-00C04F79EFBC}") = "UserData", "UserData\UserData.csproj", "{0E42F168-A688-4E32-8750-14091B6BF09B}"
EndProject
Project("{FAE04EC0-301F-11D3-BF4B-00C04F79EFBC}") = "UserAge", "UserAge\UserAge.csproj", "{53F35EA9-DD13-4009-9830-5BBF5D35B058}"
EndProject
Project("{FAE04EC0-301F-11D3-BF4B-00C04F79EFBC}") = "InstagrammAgeCheck", "InstagrammAgeCheck\InstagrammAgeCheck.csproj", "{C573178D-9E0D-4334-AAB3-D2587140C14A}"
EndProject
Project("{FAE04EC0-301F-11D3-BF4B-00C04F79EFBC}") = "DrivingLisence", "DrivingLisence\DrivingLisence.csproj", "{F24179D5-2E44-4C94-B145-F6C180CC963E}"
EndProject
Global
	GlobalSection(SolutionConfigurationPlatforms) = preSolution
		Debug|Any CPU = Debug|Any CPU
		Release|Any CPU = Release|Any CPU
	EndGlobalSection
	GlobalSection(ProjectConfigurationPlatforms) = postSolution
		{0E42F168-A688-4E32-8750-14091B6BF09B}.Debug|Any CPU.ActiveCfg = Debug|Any CPU
		{0E42F168-A688-4E32-8750-14091B6BF09B}.Debug|Any CPU.Build.0 = Debug|Any CPU
		{0E42F168-A688-4E32-8750-14091B6BF09B}.Release|Any CPU.ActiveCfg = Release|Any CPU
		{0E42F168-A688-4E32-8750-14091B6BF09B}.Release|Any CPU.Build.0 = Release|Any CPU
		{53F35EA9-DD13-4009-9830-5BBF5D35B058}.Debug|Any CPU.ActiveCfg = Debug|Any CPU
		{53F35EA9-DD13-4009-9830-5BBF5D35B058}.Debug|Any CPU.Build.0 = Debug|Any CPU
		{53F35EA9-DD13-4009-9830-5BBF5D35B058}.Release|Any CPU.ActiveCfg = Release|Any CPU
		{53F35EA9-DD13-4009-9830-5BBF5D35B058}.Release|Any CPU.Build.0 = Release|Any CPU
		{C573178D-9E0D-4334-AAB3-D2587140C14A}.Debug|Any CPU.ActiveCfg = Debug|Any CPU
		{C573178D-9E0D-4334-AAB3-D2587140C14A}.Debug|Any CPU.Build.0 = Debug|Any CPU
		{C573178D-9E0D-4334-AAB3-D2587140C14A}.Release|Any CPU.ActiveCfg = Release|Any CPU
		{C573178D-9E0D-4334-AAB3-D2587140C14A}.Release|Any CPU.Build.0 = Release|Any CPU
		{F24179D5-2E44-4C94-B145-F6C180CC963E}.Debug|Any CPU.ActiveCfg = Debug|Any CPU
		{F24179D5-2E44-4C94-B145-F6C180CC963E}.Debug|Any CPU.Build.0 = Debug|Any CPU
		{F24179D5-2E44-4C94-B145-F6C180CC963E}.Release|Any CPU.ActiveCfg = Release|Any CPU
		{F24179D5-2E44-4C94-B145-F6C180CC963E}.Release|Any CPU.Build.0 = Release|Any CPU
	EndGlobalSection
	GlobalSection(SolutionProperties) = preSolution
		HideSolutionNode = FALSE
	EndGlobalSection
	GlobalSection(ExtensibilityGlobals) = postSolution
		SolutionGuid = {769C5803-3C6B-419B-B80E-3172797B4C95}
	EndGlobalSection
EndGlobal
